// !$*UTF8*$!
{
	archiveVersion = 1;
	classes = {
	};
	objectVersion = 50;
	objects = {

/* Begin PBXBuildFile section */
		DB0FACBE2248EE2F00FD2D13 /* MainCollectionViewFlowLayout.swift in Sources */ = {isa = PBXBuildFile; fileRef = DB0FACBD2248EE2F00FD2D13 /* MainCollectionViewFlowLayout.swift */; };
		ED231BF222450E190080D7A1 /* AppDelegate.swift in Sources */ = {isa = PBXBuildFile; fileRef = ED231BF122450E190080D7A1 /* AppDelegate.swift */; };
		ED231BF422450E190080D7A1 /* MainViewController.swift in Sources */ = {isa = PBXBuildFile; fileRef = ED231BF322450E190080D7A1 /* MainViewController.swift */; };
		ED231BF922450E3A0080D7A1 /* Assets.xcassets in Resources */ = {isa = PBXBuildFile; fileRef = ED231BF822450E3A0080D7A1 /* Assets.xcassets */; };
		ED231C10224536F10080D7A1 /* RequestManager.swift in Sources */ = {isa = PBXBuildFile; fileRef = ED231C0F224536F10080D7A1 /* RequestManager.swift */; };
		ED231C122245383A0080D7A1 /* JsonSerializer.swift in Sources */ = {isa = PBXBuildFile; fileRef = ED231C112245383A0080D7A1 /* JsonSerializer.swift */; };
		ED231C1422453C2F0080D7A1 /* PhotosCollection.swift in Sources */ = {isa = PBXBuildFile; fileRef = ED231C1322453C2F0080D7A1 /* PhotosCollection.swift */; };
		ED2AC3F5224CD24400AB6D9F /* MainDataSource.swift in Sources */ = {isa = PBXBuildFile; fileRef = ED2AC3F4224CD24400AB6D9F /* MainDataSource.swift */; };
		EDF168FC224A1B76005D0786 /* GeneralCollectionViewCell.swift in Sources */ = {isa = PBXBuildFile; fileRef = EDF168F3224A1B76005D0786 /* GeneralCollectionViewCell.swift */; };
		EDF168FD224A1B76005D0786 /* LaunchScreen.storyboard in Resources */ = {isa = PBXBuildFile; fileRef = EDF168F4224A1B76005D0786 /* LaunchScreen.storyboard */; };
		EDF168FE224A1B76005D0786 /* ExpandableHeader.swift in Sources */ = {isa = PBXBuildFile; fileRef = EDF168F6224A1B76005D0786 /* ExpandableHeader.swift */; };
		EDF168FF224A1B76005D0786 /* ActionsHeaderView.swift in Sources */ = {isa = PBXBuildFile; fileRef = EDF168F7224A1B76005D0786 /* ActionsHeaderView.swift */; };
		EDF16900224A1B76005D0786 /* MainViewContainer.swift in Sources */ = {isa = PBXBuildFile; fileRef = EDF168F8224A1B76005D0786 /* MainViewContainer.swift */; };
		EDF16901224A1B76005D0786 /* CollectionModels.swift in Sources */ = {isa = PBXBuildFile; fileRef = EDF168FA224A1B76005D0786 /* CollectionModels.swift */; };
		EDF16902224A1B76005D0786 /* MainModel.swift in Sources */ = {isa = PBXBuildFile; fileRef = EDF168FB224A1B76005D0786 /* MainModel.swift */; };
		EDF16905224A1D54005D0786 /* UIViewExtensions.swift in Sources */ = {isa = PBXBuildFile; fileRef = EDF16904224A1D54005D0786 /* UIViewExtensions.swift */; };
		EDF16907224A1F9A005D0786 /* HeaderSlide.swift in Sources */ = {isa = PBXBuildFile; fileRef = EDF16906224A1F9A005D0786 /* HeaderSlide.swift */; };
/* End PBXBuildFile section */

/* Begin PBXFileReference section */
		DB0FACBD2248EE2F00FD2D13 /* MainCollectionViewFlowLayout.swift */ = {isa = PBXFileReference; lastKnownFileType = sourcecode.swift; path = MainCollectionViewFlowLayout.swift; sourceTree = "<group>"; };
		ED231BEE22450E190080D7A1 /* QUAM-TEST.app */ = {isa = PBXFileReference; explicitFileType = wrapper.application; includeInIndex = 0; path = "QUAM-TEST.app"; sourceTree = BUILT_PRODUCTS_DIR; };
		ED231BF122450E190080D7A1 /* AppDelegate.swift */ = {isa = PBXFileReference; lastKnownFileType = sourcecode.swift; path = AppDelegate.swift; sourceTree = "<group>"; };
		ED231BF322450E190080D7A1 /* MainViewController.swift */ = {isa = PBXFileReference; lastKnownFileType = sourcecode.swift; path = MainViewController.swift; sourceTree = "<group>"; };
		ED231BF822450E3A0080D7A1 /* Assets.xcassets */ = {isa = PBXFileReference; lastKnownFileType = folder.assetcatalog; path = Assets.xcassets; sourceTree = "<group>"; };
		ED231BFD22450E3A0080D7A1 /* Info.plist */ = {isa = PBXFileReference; lastKnownFileType = text.plist.xml; path = Info.plist; sourceTree = "<group>"; };
		ED231C0F224536F10080D7A1 /* RequestManager.swift */ = {isa = PBXFileReference; lastKnownFileType = sourcecode.swift; path = RequestManager.swift; sourceTree = "<group>"; };
		ED231C112245383A0080D7A1 /* JsonSerializer.swift */ = {isa = PBXFileReference; lastKnownFileType = sourcecode.swift; path = JsonSerializer.swift; sourceTree = "<group>"; };
		ED231C1322453C2F0080D7A1 /* PhotosCollection.swift */ = {isa = PBXFileReference; lastKnownFileType = sourcecode.swift; path = PhotosCollection.swift; sourceTree = "<group>"; };
		ED2AC3F4224CD24400AB6D9F /* MainDataSource.swift */ = {isa = PBXFileReference; lastKnownFileType = sourcecode.swift; path = MainDataSource.swift; sourceTree = "<group>"; };
		EDF168F3224A1B76005D0786 /* GeneralCollectionViewCell.swift */ = {isa = PBXFileReference; fileEncoding = 4; lastKnownFileType = sourcecode.swift; path = GeneralCollectionViewCell.swift; sourceTree = "<group>"; };
		EDF168F4224A1B76005D0786 /* LaunchScreen.storyboard */ = {isa = PBXFileReference; fileEncoding = 4; lastKnownFileType = file.storyboard; path = LaunchScreen.storyboard; sourceTree = "<group>"; };
		EDF168F6224A1B76005D0786 /* ExpandableHeader.swift */ = {isa = PBXFileReference; fileEncoding = 4; lastKnownFileType = sourcecode.swift; path = ExpandableHeader.swift; sourceTree = "<group>"; };
		EDF168F7224A1B76005D0786 /* ActionsHeaderView.swift */ = {isa = PBXFileReference; fileEncoding = 4; lastKnownFileType = sourcecode.swift; path = ActionsHeaderView.swift; sourceTree = "<group>"; };
		EDF168F8224A1B76005D0786 /* MainViewContainer.swift */ = {isa = PBXFileReference; fileEncoding = 4; lastKnownFileType = sourcecode.swift; path = MainViewContainer.swift; sourceTree = "<group>"; };
		EDF168FA224A1B76005D0786 /* CollectionModels.swift */ = {isa = PBXFileReference; fileEncoding = 4; lastKnownFileType = sourcecode.swift; path = CollectionModels.swift; sourceTree = "<group>"; };
		EDF168FB224A1B76005D0786 /* MainModel.swift */ = {isa = PBXFileReference; fileEncoding = 4; lastKnownFileType = sourcecode.swift; path = MainModel.swift; sourceTree = "<group>"; };
		EDF16904224A1D54005D0786 /* UIViewExtensions.swift */ = {isa = PBXFileReference; lastKnownFileType = sourcecode.swift; path = UIViewExtensions.swift; sourceTree = "<group>"; };
		EDF16906224A1F9A005D0786 /* HeaderSlide.swift */ = {isa = PBXFileReference; lastKnownFileType = sourcecode.swift; path = HeaderSlide.swift; sourceTree = "<group>"; };
/* End PBXFileReference section */

/* Begin PBXFrameworksBuildPhase section */
		ED231BEB22450E190080D7A1 /* Frameworks */ = {
			isa = PBXFrameworksBuildPhase;
			buildActionMask = 2147483647;
			files = (
			);
			runOnlyForDeploymentPostprocessing = 0;
		};
/* End PBXFrameworksBuildPhase section */

/* Begin PBXGroup section */
		ED231BE522450E180080D7A1 = {
			isa = PBXGroup;
			children = (
				ED231BF022450E190080D7A1 /* QUAM-TEST */,
				ED231BEF22450E190080D7A1 /* Products */,
			);
			sourceTree = "<group>";
		};
		ED231BEF22450E190080D7A1 /* Products */ = {
			isa = PBXGroup;
			children = (
				ED231BEE22450E190080D7A1 /* QUAM-TEST.app */,
			);
			name = Products;
			sourceTree = "<group>";
		};
		ED231BF022450E190080D7A1 /* QUAM-TEST */ = {
			isa = PBXGroup;
			children = (
				EDF168F9224A1B76005D0786 /* Models */,
				EDF168F1224A1B76005D0786 /* UI */,
				ED231C0722450EFF0080D7A1 /* Assets */,
				ED231C0422450E590080D7A1 /* Controllers */,
				ED231C0E224536DE0080D7A1 /* Helpers */,
				ED231C0322450E500080D7A1 /* Main */,
			);
			path = "QUAM-TEST";
			sourceTree = "<group>";
		};
		ED231C0322450E500080D7A1 /* Main */ = {
			isa = PBXGroup;
			children = (
				ED231BFD22450E3A0080D7A1 /* Info.plist */,
				ED231BF122450E190080D7A1 /* AppDelegate.swift */,
			);
			path = Main;
			sourceTree = "<group>";
		};
		ED231C0422450E590080D7A1 /* Controllers */ = {
			isa = PBXGroup;
			children = (
				ED231BF322450E190080D7A1 /* MainViewController.swift */,
			);
			path = Controllers;
			sourceTree = "<group>";
		};
		ED231C0722450EFF0080D7A1 /* Assets */ = {
			isa = PBXGroup;
			children = (
				ED231BF822450E3A0080D7A1 /* Assets.xcassets */,
			);
			path = Assets;
			sourceTree = "<group>";
		};
		ED231C0E224536DE0080D7A1 /* Helpers */ = {
			isa = PBXGroup;
			children = (
				ED231C0F224536F10080D7A1 /* RequestManager.swift */,
				ED231C112245383A0080D7A1 /* JsonSerializer.swift */,
				ED231C1322453C2F0080D7A1 /* PhotosCollection.swift */,
				DB0FACBD2248EE2F00FD2D13 /* MainCollectionViewFlowLayout.swift */,
			);
			path = Helpers;
			sourceTree = "<group>";
		};
		EDF168F1224A1B76005D0786 /* UI */ = {
			isa = PBXGroup;
			children = (
				EDF168F2224A1B76005D0786 /* Cells */,
				EDF16903224A1D3B005D0786 /* Extensions */,
				EDF168F5224A1B76005D0786 /* Headers */,
				EDF16906224A1F9A005D0786 /* HeaderSlide.swift */,
				EDF168F4224A1B76005D0786 /* LaunchScreen.storyboard */,
				EDF168F8224A1B76005D0786 /* MainViewContainer.swift */,
			);
			path = UI;
			sourceTree = "<group>";
		};
		EDF168F2224A1B76005D0786 /* Cells */ = {
			isa = PBXGroup;
			children = (
				EDF168F3224A1B76005D0786 /* GeneralCollectionViewCell.swift */,
			);
			path = Cells;
			sourceTree = "<group>";
		};
		EDF168F5224A1B76005D0786 /* Headers */ = {
			isa = PBXGroup;
			children = (
				EDF168F6224A1B76005D0786 /* ExpandableHeader.swift */,
				EDF168F7224A1B76005D0786 /* ActionsHeaderView.swift */,
			);
			path = Headers;
			sourceTree = "<group>";
		};
		EDF168F9224A1B76005D0786 /* Models */ = {
			isa = PBXGroup;
			children = (
				EDF168FA224A1B76005D0786 /* CollectionModels.swift */,
				EDF168FB224A1B76005D0786 /* MainModel.swift */,
				ED2AC3F4224CD24400AB6D9F /* MainDataSource.swift */,
			);
			path = Models;
			sourceTree = "<group>";
		};
		EDF16903224A1D3B005D0786 /* Extensions */ = {
			isa = PBXGroup;
			children = (
				EDF16904224A1D54005D0786 /* UIViewExtensions.swift */,
			);
			path = Extensions;
			sourceTree = "<group>";
		};
/* End PBXGroup section */

/* Begin PBXNativeTarget section */
		ED231BED22450E190080D7A1 /* QUAM-TEST */ = {
			isa = PBXNativeTarget;
			buildConfigurationList = ED231C0022450E3A0080D7A1 /* Build configuration list for PBXNativeTarget "QUAM-TEST" */;
			buildPhases = (
				ED231BEA22450E190080D7A1 /* Sources */,
				ED231BEB22450E190080D7A1 /* Frameworks */,
				ED231BEC22450E190080D7A1 /* Resources */,
			);
			buildRules = (
			);
			dependencies = (
			);
			name = "QUAM-TEST";
			productName = "QUAM-TEST";
			productReference = ED231BEE22450E190080D7A1 /* QUAM-TEST.app */;
			productType = "com.apple.product-type.application";
		};
/* End PBXNativeTarget section */

/* Begin PBXProject section */
		ED231BE622450E180080D7A1 /* Project object */ = {
			isa = PBXProject;
			attributes = {
				LastSwiftUpdateCheck = 1010;
				LastUpgradeCheck = 1010;
				ORGANIZATIONNAME = "sys-246";
				TargetAttributes = {
					ED231BED22450E190080D7A1 = {
						CreatedOnToolsVersion = 10.1;
					};
				};
			};
			buildConfigurationList = ED231BE922450E180080D7A1 /* Build configuration list for PBXProject "QUAM-TEST" */;
			compatibilityVersion = "Xcode 9.3";
			developmentRegion = en;
			hasScannedForEncodings = 0;
			knownRegions = (
				en,
				Base,
			);
			mainGroup = ED231BE522450E180080D7A1;
			productRefGroup = ED231BEF22450E190080D7A1 /* Products */;
			projectDirPath = "";
			projectRoot = "";
			targets = (
				ED231BED22450E190080D7A1 /* QUAM-TEST */,
			);
		};
/* End PBXProject section */

/* Begin PBXResourcesBuildPhase section */
		ED231BEC22450E190080D7A1 /* Resources */ = {
			isa = PBXResourcesBuildPhase;
			buildActionMask = 2147483647;
			files = (
				ED231BF922450E3A0080D7A1 /* Assets.xcassets in Resources */,
				EDF168FD224A1B76005D0786 /* LaunchScreen.storyboard in Resources */,
			);
			runOnlyForDeploymentPostprocessing = 0;
		};
/* End PBXResourcesBuildPhase section */

/* Begin PBXSourcesBuildPhase section */
		ED231BEA22450E190080D7A1 /* Sources */ = {
			isa = PBXSourcesBuildPhase;
			buildActionMask = 2147483647;
			files = (
				DB0FACBE2248EE2F00FD2D13 /* MainCollectionViewFlowLayout.swift in Sources */,
				EDF16900224A1B76005D0786 /* MainViewContainer.swift in Sources */,
				ED231C10224536F10080D7A1 /* RequestManager.swift in Sources */,
				EDF16905224A1D54005D0786 /* UIViewExtensions.swift in Sources */,
				ED231C1422453C2F0080D7A1 /* PhotosCollection.swift in Sources */,
				ED231BF422450E190080D7A1 /* MainViewController.swift in Sources */,
				ED231BF222450E190080D7A1 /* AppDelegate.swift in Sources */,
				EDF168FF224A1B76005D0786 /* ActionsHeaderView.swift in Sources */,
				EDF16907224A1F9A005D0786 /* HeaderSlide.swift in Sources */,
				EDF16901224A1B76005D0786 /* CollectionModels.swift in Sources */,
				EDF16902224A1B76005D0786 /* MainModel.swift in Sources */,
				ED231C122245383A0080D7A1 /* JsonSerializer.swift in Sources */,
				EDF168FE224A1B76005D0786 /* ExpandableHeader.swift in Sources */,
				EDF168FC224A1B76005D0786 /* GeneralCollectionViewCell.swift in Sources */,
				ED2AC3F5224CD24400AB6D9F /* MainDataSource.swift in Sources */,
			);
			runOnlyForDeploymentPostprocessing = 0;
		};
/* End PBXSourcesBuildPhase section */

/* Begin XCBuildConfiguration section */
		ED231BFE22450E3A0080D7A1 /* Debug */ = {
			isa = XCBuildConfiguration;
			buildSettings = {
				ALWAYS_SEARCH_USER_PATHS = NO;
				CLANG_ANALYZER_NONNULL = YES;
				CLANG_ANALYZER_NUMBER_OBJECT_CONVERSION = YES_AGGRESSIVE;
				CLANG_CXX_LANGUAGE_STANDARD = "gnu++14";
				CLANG_CXX_LIBRARY = "libc++";
				CLANG_ENABLE_MODULES = YES;
				CLANG_ENABLE_OBJC_ARC = YES;
				CLANG_ENABLE_OBJC_WEAK = YES;
				CLANG_WARN_BLOCK_CAPTURE_AUTORELEASING = YES;
				CLANG_WARN_BOOL_CONVERSION = YES;
				CLANG_WARN_COMMA = YES;
				CLANG_WARN_CONSTANT_CONVERSION = YES;
				CLANG_WARN_DEPRECATED_OBJC_IMPLEMENTATIONS = YES;
				CLANG_WARN_DIRECT_OBJC_ISA_USAGE = YES_ERROR;
				CLANG_WARN_DOCUMENTATION_COMMENTS = YES;
				CLANG_WARN_EMPTY_BODY = YES;
				CLANG_WARN_ENUM_CONVERSION = YES;
				CLANG_WARN_INFINITE_RECURSION = YES;
				CLANG_WARN_INT_CONVERSION = YES;
				CLANG_WARN_NON_LITERAL_NULL_CONVERSION = YES;
				CLANG_WARN_OBJC_IMPLICIT_RETAIN_SELF = YES;
				CLANG_WARN_OBJC_LITERAL_CONVERSION = YES;
				CLANG_WARN_OBJC_ROOT_CLASS = YES_ERROR;
				CLANG_WARN_RANGE_LOOP_ANALYSIS = YES;
				CLANG_WARN_STRICT_PROTOTYPES = YES;
				CLANG_WARN_SUSPICIOUS_MOVE = YES;
				CLANG_WARN_UNGUARDED_AVAILABILITY = YES_AGGRESSIVE;
				CLANG_WARN_UNREACHABLE_CODE = YES;
				CLANG_WARN__DUPLICATE_METHOD_MATCH = YES;
				CODE_SIGN_IDENTITY = "iPhone Developer";
				COPY_PHASE_STRIP = NO;
				DEBUG_INFORMATION_FORMAT = dwarf;
				ENABLE_STRICT_OBJC_MSGSEND = YES;
				ENABLE_TESTABILITY = YES;
				GCC_C_LANGUAGE_STANDARD = gnu11;
				GCC_DYNAMIC_NO_PIC = NO;
				GCC_NO_COMMON_BLOCKS = YES;
				GCC_OPTIMIZATION_LEVEL = 0;
				GCC_PREPROCESSOR_DEFINITIONS = (
					"DEBUG=1",
					"$(inherited)",
				);
				GCC_WARN_64_TO_32_BIT_CONVERSION = YES;
				GCC_WARN_ABOUT_RETURN_TYPE = YES_ERROR;
				GCC_WARN_UNDECLARED_SELECTOR = YES;
				GCC_WARN_UNINITIALIZED_AUTOS = YES_AGGRESSIVE;
				GCC_WARN_UNUSED_FUNCTION = YES;
				GCC_WARN_UNUSED_VARIABLE = YES;
				IPHONEOS_DEPLOYMENT_TARGET = 12.1;
				MTL_ENABLE_DEBUG_INFO = INCLUDE_SOURCE;
				MTL_FAST_MATH = YES;
				ONLY_ACTIVE_ARCH = YES;
				SDKROOT = iphoneos;
				SWIFT_ACTIVE_COMPILATION_CONDITIONS = DEBUG;
				SWIFT_OPTIMIZATION_LEVEL = "-Onone";
			};
			name = Debug;
		};
		ED231BFF22450E3A0080D7A1 /* Release */ = {
			isa = XCBuildConfiguration;
			buildSettings = {
				ALWAYS_SEARCH_USER_PATHS = NO;
				CLANG_ANALYZER_NONNULL = YES;
				CLANG_ANALYZER_NUMBER_OBJECT_CONVERSION = YES_AGGRESSIVE;
				CLANG_CXX_LANGUAGE_STANDARD = "gnu++14";
				CLANG_CXX_LIBRARY = "libc++";
				CLANG_ENABLE_MODULES = YES;
				CLANG_ENABLE_OBJC_ARC = YES;
				CLANG_ENABLE_OBJC_WEAK = YES;
				CLANG_WARN_BLOCK_CAPTURE_AUTORELEASING = YES;
				CLANG_WARN_BOOL_CONVERSION = YES;
				CLANG_WARN_COMMA = YES;
				CLANG_WARN_CONSTANT_CONVERSION = YES;
				CLANG_WARN_DEPRECATED_OBJC_IMPLEMENTATIONS = YES;
				CLANG_WARN_DIRECT_OBJC_ISA_USAGE = YES_ERROR;
				CLANG_WARN_DOCUMENTATION_COMMENTS = YES;
				CLANG_WARN_EMPTY_BODY = YES;
				CLANG_WARN_ENUM_CONVERSION = YES;
				CLANG_WARN_INFINITE_RECURSION = YES;
				CLANG_WARN_INT_CONVERSION = YES;
				CLANG_WARN_NON_LITERAL_NULL_CONVERSION = YES;
				CLANG_WARN_OBJC_IMPLICIT_RETAIN_SELF = YES;
				CLANG_WARN_OBJC_LITERAL_CONVERSION = YES;
				CLANG_WARN_OBJC_ROOT_CLASS = YES_ERROR;
				CLANG_WARN_RANGE_LOOP_ANALYSIS = YES;
				CLANG_WARN_STRICT_PROTOTYPES = YES;
				CLANG_WARN_SUSPICIOUS_MOVE = YES;
				CLANG_WARN_UNGUARDED_AVAILABILITY = YES_AGGRESSIVE;
				CLANG_WARN_UNREACHABLE_CODE = YES;
				CLANG_WARN__DUPLICATE_METHOD_MATCH = YES;
				CODE_SIGN_IDENTITY = "iPhone Developer";
				COPY_PHASE_STRIP = NO;
				DEBUG_INFORMATION_FORMAT = "dwarf-with-dsym";
				ENABLE_NS_ASSERTIONS = NO;
				ENABLE_STRICT_OBJC_MSGSEND = YES;
				GCC_C_LANGUAGE_STANDARD = gnu11;
				GCC_NO_COMMON_BLOCKS = YES;
				GCC_WARN_64_TO_32_BIT_CONVERSION = YES;
				GCC_WARN_ABOUT_RETURN_TYPE = YES_ERROR;
				GCC_WARN_UNDECLARED_SELECTOR = YES;
				GCC_WARN_UNINITIALIZED_AUTOS = YES_AGGRESSIVE;
				GCC_WARN_UNUSED_FUNCTION = YES;
				GCC_WARN_UNUSED_VARIABLE = YES;
				IPHONEOS_DEPLOYMENT_TARGET = 12.1;
				MTL_ENABLE_DEBUG_INFO = NO;
				MTL_FAST_MATH = YES;
				SDKROOT = iphoneos;
				SWIFT_COMPILATION_MODE = wholemodule;
				SWIFT_OPTIMIZATION_LEVEL = "-O";
				VALIDATE_PRODUCT = YES;
			};
			name = Release;
		};
		ED231C0122450E3A0080D7A1 /* Debug */ = {
			isa = XCBuildConfiguration;
			buildSettings = {
				ASSETCATALOG_COMPILER_APPICON_NAME = AppIcon;
				CODE_SIGN_STYLE = Automatic;
				DEVELOPMENT_TEAM = A3P55P4RYT;
				INFOPLIST_FILE = "$(SRCROOT)/QUAM-TEST/Main/Info.plist";
				IPHONEOS_DEPLOYMENT_TARGET = 10.2;
				LD_RUNPATH_SEARCH_PATHS = (
					"$(inherited)",
					"@executable_path/Frameworks",
				);
				PRODUCT_BUNDLE_IDENTIFIER = "com.FinalProduct.QUAM-TEST";
				PRODUCT_NAME = "$(TARGET_NAME)";
				SWIFT_VERSION = 4.2;
				TARGETED_DEVICE_FAMILY = "1,2";
			};
			name = Debug;
		};
		ED231C0222450E3A0080D7A1 /* Release */ = {
			isa = XCBuildConfiguration;
			buildSettings = {
				ASSETCATALOG_COMPILER_APPICON_NAME = AppIcon;
				CODE_SIGN_STYLE = Automatic;
				DEVELOPMENT_TEAM = A3P55P4RYT;
				INFOPLIST_FILE = "$(SRCROOT)/QUAM-TEST/Main/Info.plist";
				IPHONEOS_DEPLOYMENT_TARGET = 10.2;
				LD_RUNPATH_SEARCH_PATHS = (
					"$(inherited)",
					"@executable_path/Frameworks",
				);
				PRODUCT_BUNDLE_IDENTIFIER = "com.FinalProduct.QUAM-TEST";
				PRODUCT_NAME = "$(TARGET_NAME)";
				SWIFT_VERSION = 4.2;
				TARGETED_DEVICE_FAMILY = "1,2";
			};
			name = Release;
		};
/* End XCBuildConfiguration section */

/* Begin XCConfigurationList section */
		ED231BE922450E180080D7A1 /* Build configuration list for PBXProject "QUAM-TEST" */ = {
			isa = XCConfigurationList;
			buildConfigurations = (
				ED231BFE22450E3A0080D7A1 /* Debug */,
				ED231BFF22450E3A0080D7A1 /* Release */,
			);
			defaultConfigurationIsVisible = 0;
			defaultConfigurationName = Release;
		};
		ED231C0022450E3A0080D7A1 /* Build configuration list for PBXNativeTarget "QUAM-TEST" */ = {
			isa = XCConfigurationList;
			buildConfigurations = (
				ED231C0122450E3A0080D7A1 /* Debug */,
				ED231C0222450E3A0080D7A1 /* Release */,
			);
			defaultConfigurationIsVisible = 0;
			defaultConfigurationName = Release;
		};
/* End XCConfigurationList section */
	};
	rootObject = ED231BE622450E180080D7A1 /* Project object */;
}
